// !$*UTF8*$!
{
	archiveVersion = 1;
	classes = {
	};
	objectVersion = 77;
	objects = {

/* Begin PBXContainerItemProxy section */
		D53D43692D7086A9007E1739 /* PBXContainerItemProxy */ = {
			isa = PBXContainerItemProxy;
			containerPortal = D53D434E2D7086A8007E1739 /* Project object */;
			proxyType = 1;
			remoteGlobalIDString = D53D43552D7086A9007E1739;
			remoteInfo = "swiftui-pro";
		};
		D53D43732D7086A9007E1739 /* PBXContainerItemProxy */ = {
			isa = PBXContainerItemProxy;
			containerPortal = D53D434E2D7086A8007E1739 /* Project object */;
			proxyType = 1;
			remoteGlobalIDString = D53D43552D7086A9007E1739;
			remoteInfo = "swiftui-pro";
		};
/* End PBXContainerItemProxy section */

/* Begin PBXFileReference section */
		D53D43562D7086A9007E1739 /* swiftui-pro.app */ = {isa = PBXFileReference; explicitFileType = wrapper.application; includeInIndex = 0; path = "swiftui-pro.app"; sourceTree = BUILT_PRODUCTS_DIR; };
		D53D43682D7086A9007E1739 /* swiftui-proTests.xctest */ = {isa = PBXFileReference; explicitFileType = wrapper.cfbundle; includeInIndex = 0; path = "swiftui-proTests.xctest"; sourceTree = BUILT_PRODUCTS_DIR; };
		D53D43722D7086A9007E1739 /* swiftui-proUITests.xctest */ = {isa = PBXFileReference; explicitFileType = wrapper.cfbundle; includeInIndex = 0; path = "swiftui-proUITests.xctest"; sourceTree = BUILT_PRODUCTS_DIR; };
/* End PBXFileReference section */

/* Begin PBXFileSystemSynchronizedRootGroup section */
		D53D43582D7086A9007E1739 /* swiftui-pro */ = {
			isa = PBXFileSystemSynchronizedRootGroup;
			path = "swiftui-pro";
			sourceTree = "<group>";
		};
		D53D436B2D7086A9007E1739 /* swiftui-proTests */ = {
			isa = PBXFileSystemSynchronizedRootGroup;
			path = "swiftui-proTests";
			sourceTree = "<group>";
		};
		D53D43752D7086A9007E1739 /* swiftui-proUITests */ = {
			isa = PBXFileSystemSynchronizedRootGroup;
			path = "swiftui-proUITests";
			sourceTree = "<group>";
		};
/* End PBXFileSystemSynchronizedRootGroup section */

/* Begin PBXFrameworksBuildPhase section */
		D53D43532D7086A9007E1739 /* Frameworks */ = {
			isa = PBXFrameworksBuildPhase;
			buildActionMask = 2147483647;
			files = (
			);
			runOnlyForDeploymentPostprocessing = 0;
		};
		D53D43652D7086A9007E1739 /* Frameworks */ = {
			isa = PBXFrameworksBuildPhase;
			buildActionMask = 2147483647;
			files = (
			);
			runOnlyForDeploymentPostprocessing = 0;
		};
		D53D436F2D7086A9007E1739 /* Frameworks */ = {
			isa = PBXFrameworksBuildPhase;
			buildActionMask = 2147483647;
			files = (
			);
			runOnlyForDeploymentPostprocessing = 0;
		};
/* End PBXFrameworksBuildPhase section */

/* Begin PBXGroup section */
		D53D434D2D7086A8007E1739 = {
			isa = PBXGroup;
			children = (
				D53D43582D7086A9007E1739 /* swiftui-pro */,
				D53D436B2D7086A9007E1739 /* swiftui-proTests */,
				D53D43752D7086A9007E1739 /* swiftui-proUITests */,
				D53D43572D7086A9007E1739 /* Products */,
			);
			sourceTree = "<group>";
		};
		D53D43572D7086A9007E1739 /* Products */ = {
			isa = PBXGroup;
			children = (
				D53D43562D7086A9007E1739 /* swiftui-pro.app */,
				D53D43682D7086A9007E1739 /* swiftui-proTests.xctest */,
				D53D43722D7086A9007E1739 /* swiftui-proUITests.xctest */,
			);
			name = Products;
			sourceTree = "<group>";
		};
/* End PBXGroup section */

/* Begin PBXNativeTarget section */
		D53D43552D7086A9007E1739 /* swiftui-pro */ = {
			isa = PBXNativeTarget;
			buildConfigurationList = D53D437C2D7086A9007E1739 /* Build configuration list for PBXNativeTarget "swiftui-pro" */;
			buildPhases = (
				D53D43522D7086A9007E1739 /* Sources */,
				D53D43532D7086A9007E1739 /* Frameworks */,
				D53D43542D7086A9007E1739 /* Resources */,
			);
			buildRules = (
			);
			dependencies = (
			);
			fileSystemSynchronizedGroups = (
				D53D43582D7086A9007E1739 /* swiftui-pro */,
			);
			name = "swiftui-pro";
			packageProductDependencies = (
			);
			productName = "swiftui-pro";
			productReference = D53D43562D7086A9007E1739 /* swiftui-pro.app */;
			productType = "com.apple.product-type.application";
		};
		D53D43672D7086A9007E1739 /* swiftui-proTests */ = {
			isa = PBXNativeTarget;
			buildConfigurationList = D53D437F2D7086A9007E1739 /* Build configuration list for PBXNativeTarget "swiftui-proTests" */;
			buildPhases = (
				D53D43642D7086A9007E1739 /* Sources */,
				D53D43652D7086A9007E1739 /* Frameworks */,
				D53D43662D7086A9007E1739 /* Resources */,
			);
			buildRules = (
			);
			dependencies = (
				D53D436A2D7086A9007E1739 /* PBXTargetDependency */,
			);
			fileSystemSynchronizedGroups = (
				D53D436B2D7086A9007E1739 /* swiftui-proTests */,
			);
			name = "swiftui-proTests";
			packageProductDependencies = (
			);
			productName = "swiftui-proTests";
			productReference = D53D43682D7086A9007E1739 /* swiftui-proTests.xctest */;
			productType = "com.apple.product-type.bundle.unit-test";
		};
		D53D43712D7086A9007E1739 /* swiftui-proUITests */ = {
			isa = PBXNativeTarget;
			buildConfigurationList = D53D43822D7086A9007E1739 /* Build configuration list for PBXNativeTarget "swiftui-proUITests" */;
			buildPhases = (
				D53D436E2D7086A9007E1739 /* Sources */,
				D53D436F2D7086A9007E1739 /* Frameworks */,
				D53D43702D7086A9007E1739 /* Resources */,
			);
			buildRules = (
			);
			dependencies = (
				D53D43742D7086A9007E1739 /* PBXTargetDependency */,
			);
			fileSystemSynchronizedGroups = (
				D53D43752D7086A9007E1739 /* swiftui-proUITests */,
			);
			name = "swiftui-proUITests";
			packageProductDependencies = (
			);
			productName = "swiftui-proUITests";
			productReference = D53D43722D7086A9007E1739 /* swiftui-proUITests.xctest */;
			productType = "com.apple.product-type.bundle.ui-testing";
		};
/* End PBXNativeTarget section */

/* Begin PBXProject section */
		D53D434E2D7086A8007E1739 /* Project object */ = {
			isa = PBXProject;
			attributes = {
				BuildIndependentTargetsInParallel = 1;
				LastSwiftUpdateCheck = 1620;
				LastUpgradeCheck = 1620;
				TargetAttributes = {
					D53D43552D7086A9007E1739 = {
						CreatedOnToolsVersion = 16.2;
					};
					D53D43672D7086A9007E1739 = {
						CreatedOnToolsVersion = 16.2;
						TestTargetID = D53D43552D7086A9007E1739;
					};
					D53D43712D7086A9007E1739 = {
						CreatedOnToolsVersion = 16.2;
						TestTargetID = D53D43552D7086A9007E1739;
					};
				};
			};
			buildConfigurationList = D53D43512D7086A8007E1739 /* Build configuration list for PBXProject "swiftui-pro" */;
			developmentRegion = en;
			hasScannedForEncodings = 0;
			knownRegions = (
				en,
				Base,
			);
			mainGroup = D53D434D2D7086A8007E1739;
			minimizedProjectReferenceProxies = 1;
			preferredProjectObjectVersion = 77;
			productRefGroup = D53D43572D7086A9007E1739 /* Products */;
			projectDirPath = "";
			projectRoot = "";
			targets = (
				D53D43552D7086A9007E1739 /* swiftui-pro */,
				D53D43672D7086A9007E1739 /* swiftui-proTests */,
				D53D43712D7086A9007E1739 /* swiftui-proUITests */,
			);
		};
/* End PBXProject section */

/* Begin PBXResourcesBuildPhase section */
		D53D43542D7086A9007E1739 /* Resources */ = {
			isa = PBXResourcesBuildPhase;
			buildActionMask = 2147483647;
			files = (
			);
			runOnlyForDeploymentPostprocessing = 0;
		};
		D53D43662D7086A9007E1739 /* Resources */ = {
			isa = PBXResourcesBuildPhase;
			buildActionMask = 2147483647;
			files = (
			);
			runOnlyForDeploymentPostprocessing = 0;
		};
		D53D43702D7086A9007E1739 /* Resources */ = {
			isa = PBXResourcesBuildPhase;
			buildActionMask = 2147483647;
			files = (
			);
			runOnlyForDeploymentPostprocessing = 0;
		};
/* End PBXResourcesBuildPhase section */

/* Begin PBXSourcesBuildPhase section */
		D53D43522D7086A9007E1739 /* Sources */ = {
			isa = PBXSourcesBuildPhase;
			buildActionMask = 2147483647;
			files = (
			);
			runOnlyForDeploymentPostprocessing = 0;
		};
		D53D43642D7086A9007E1739 /* Sources */ = {
			isa = PBXSourcesBuildPhase;
			buildActionMask = 2147483647;
			files = (
			);
			runOnlyForDeploymentPostprocessing = 0;
		};
		D53D436E2D7086A9007E1739 /* Sources */ = {
			isa = PBXSourcesBuildPhase;
			buildActionMask = 2147483647;
			files = (
			);
			runOnlyForDeploymentPostprocessing = 0;
		};
/* End PBXSourcesBuildPhase section */

/* Begin PBXTargetDependency section */
		D53D436A2D7086A9007E1739 /* PBXTargetDependency */ = {
			isa = PBXTargetDependency;
			target = D53D43552D7086A9007E1739 /* swiftui-pro */;
			targetProxy = D53D43692D7086A9007E1739 /* PBXContainerItemProxy */;
		};
		D53D43742D7086A9007E1739 /* PBXTargetDependency */ = {
			isa = PBXTargetDependency;
			target = D53D43552D7086A9007E1739 /* swiftui-pro */;
			targetProxy = D53D43732D7086A9007E1739 /* PBXContainerItemProxy */;
		};
/* End PBXTargetDependency section */

/* Begin XCBuildConfiguration section */
		D53D437A2D7086A9007E1739 /* Debug */ = {
			isa = XCBuildConfiguration;
			buildSettings = {
				ALWAYS_SEARCH_USER_PATHS = NO;
				ASSETCATALOG_COMPILER_GENERATE_SWIFT_ASSET_SYMBOL_EXTENSIONS = YES;
				CLANG_ANALYZER_NONNULL = YES;
				CLANG_ANALYZER_NUMBER_OBJECT_CONVERSION = YES_AGGRESSIVE;
				CLANG_CXX_LANGUAGE_STANDARD = "gnu++20";
				CLANG_ENABLE_MODULES = YES;
				CLANG_ENABLE_OBJC_ARC = YES;
				CLANG_ENABLE_OBJC_WEAK = YES;
				CLANG_WARN_BLOCK_CAPTURE_AUTORELEASING = YES;
				CLANG_WARN_BOOL_CONVERSION = YES;
				CLANG_WARN_COMMA = YES;
				CLANG_WARN_CONSTANT_CONVERSION = YES;
				CLANG_WARN_DEPRECATED_OBJC_IMPLEMENTATIONS = YES;
				CLANG_WARN_DIRECT_OBJC_ISA_USAGE = YES_ERROR;
				CLANG_WARN_DOCUMENTATION_COMMENTS = YES;
				CLANG_WARN_EMPTY_BODY = YES;
				CLANG_WARN_ENUM_CONVERSION = YES;
				CLANG_WARN_INFINITE_RECURSION = YES;
				CLANG_WARN_INT_CONVERSION = YES;
				CLANG_WARN_NON_LITERAL_NULL_CONVERSION = YES;
				CLANG_WARN_OBJC_IMPLICIT_RETAIN_SELF = YES;
				CLANG_WARN_OBJC_LITERAL_CONVERSION = YES;
				CLANG_WARN_OBJC_ROOT_CLASS = YES_ERROR;
				CLANG_WARN_QUOTED_INCLUDE_IN_FRAMEWORK_HEADER = YES;
				CLANG_WARN_RANGE_LOOP_ANALYSIS = YES;
				CLANG_WARN_STRICT_PROTOTYPES = YES;
				CLANG_WARN_SUSPICIOUS_MOVE = YES;
				CLANG_WARN_UNGUARDED_AVAILABILITY = YES_AGGRESSIVE;
				CLANG_WARN_UNREACHABLE_CODE = YES;
				CLANG_WARN__DUPLICATE_METHOD_MATCH = YES;
				COPY_PHASE_STRIP = NO;
				DEBUG_INFORMATION_FORMAT = dwarf;
				ENABLE_STRICT_OBJC_MSGSEND = YES;
				ENABLE_TESTABILITY = YES;
				ENABLE_USER_SCRIPT_SANDBOXING = YES;
				GCC_C_LANGUAGE_STANDARD = gnu17;
				GCC_DYNAMIC_NO_PIC = NO;
				GCC_NO_COMMON_BLOCKS = YES;
				GCC_OPTIMIZATION_LEVEL = 0;
				GCC_PREPROCESSOR_DEFINITIONS = (
					"DEBUG=1",
					"$(inherited)",
				);
				GCC_WARN_64_TO_32_BIT_CONVERSION = YES;
				GCC_WARN_ABOUT_RETURN_TYPE = YES_ERROR;
				GCC_WARN_UNDECLARED_SELECTOR = YES;
				GCC_WARN_UNINITIALIZED_AUTOS = YES_AGGRESSIVE;
				GCC_WARN_UNUSED_FUNCTION = YES;
				GCC_WARN_UNUSED_VARIABLE = YES;
				IPHONEOS_DEPLOYMENT_TARGET = 18.2;
				LOCALIZATION_PREFERS_STRING_CATALOGS = YES;
				MTL_ENABLE_DEBUG_INFO = INCLUDE_SOURCE;
				MTL_FAST_MATH = YES;
				ONLY_ACTIVE_ARCH = YES;
				SDKROOT = iphoneos;
				SWIFT_ACTIVE_COMPILATION_CONDITIONS = "DEBUG $(inherited)";
				SWIFT_OPTIMIZATION_LEVEL = "-Onone";
			};
			name = Debug;
		};
		D53D437B2D7086A9007E1739 /* Release */ = {
			isa = XCBuildConfiguration;
			buildSettings = {
				ALWAYS_SEARCH_USER_PATHS = NO;
				ASSETCATALOG_COMPILER_GENERATE_SWIFT_ASSET_SYMBOL_EXTENSIONS = YES;
				CLANG_ANALYZER_NONNULL = YES;
				CLANG_ANALYZER_NUMBER_OBJECT_CONVERSION = YES_AGGRESSIVE;
				CLANG_CXX_LANGUAGE_STANDARD = "gnu++20";
				CLANG_ENABLE_MODULES = YES;
				CLANG_ENABLE_OBJC_ARC = YES;
				CLANG_ENABLE_OBJC_WEAK = YES;
				CLANG_WARN_BLOCK_CAPTURE_AUTORELEASING = YES;
				CLANG_WARN_BOOL_CONVERSION = YES;
				CLANG_WARN_COMMA = YES;
				CLANG_WARN_CONSTANT_CONVERSION = YES;
				CLANG_WARN_DEPRECATED_OBJC_IMPLEMENTATIONS = YES;
				CLANG_WARN_DIRECT_OBJC_ISA_USAGE = YES_ERROR;
				CLANG_WARN_DOCUMENTATION_COMMENTS = YES;
				CLANG_WARN_EMPTY_BODY = YES;
				CLANG_WARN_ENUM_CONVERSION = YES;
				CLANG_WARN_INFINITE_RECURSION = YES;
				CLANG_WARN_INT_CONVERSION = YES;
				CLANG_WARN_NON_LITERAL_NULL_CONVERSION = YES;
				CLANG_WARN_OBJC_IMPLICIT_RETAIN_SELF = YES;
				CLANG_WARN_OBJC_LITERAL_CONVERSION = YES;
				CLANG_WARN_OBJC_ROOT_CLASS = YES_ERROR;
				CLANG_WARN_QUOTED_INCLUDE_IN_FRAMEWORK_HEADER = YES;
				CLANG_WARN_RANGE_LOOP_ANALYSIS = YES;
				CLANG_WARN_STRICT_PROTOTYPES = YES;
				CLANG_WARN_SUSPICIOUS_MOVE = YES;
				CLANG_WARN_UNGUARDED_AVAILABILITY = YES_AGGRESSIVE;
				CLANG_WARN_UNREACHABLE_CODE = YES;
				CLANG_WARN__DUPLICATE_METHOD_MATCH = YES;
				COPY_PHASE_STRIP = NO;
				DEBUG_INFORMATION_FORMAT = "dwarf-with-dsym";
				ENABLE_NS_ASSERTIONS = NO;
				ENABLE_STRICT_OBJC_MSGSEND = YES;
				ENABLE_USER_SCRIPT_SANDBOXING = YES;
				GCC_C_LANGUAGE_STANDARD = gnu17;
				GCC_NO_COMMON_BLOCKS = YES;
				GCC_WARN_64_TO_32_BIT_CONVERSION = YES;
				GCC_WARN_ABOUT_RETURN_TYPE = YES_ERROR;
				GCC_WARN_UNDECLARED_SELECTOR = YES;
				GCC_WARN_UNINITIALIZED_AUTOS = YES_AGGRESSIVE;
				GCC_WARN_UNUSED_FUNCTION = YES;
				GCC_WARN_UNUSED_VARIABLE = YES;
				IPHONEOS_DEPLOYMENT_TARGET = 18.2;
				LOCALIZATION_PREFERS_STRING_CATALOGS = YES;
				MTL_ENABLE_DEBUG_INFO = NO;
				MTL_FAST_MATH = YES;
				SDKROOT = iphoneos;
				SWIFT_COMPILATION_MODE = wholemodule;
				VALIDATE_PRODUCT = YES;
			};
			name = Release;
		};
		D53D437D2D7086A9007E1739 /* Debug */ = {
			isa = XCBuildConfiguration;
			buildSettings = {
				ASSETCATALOG_COMPILER_APPICON_NAME = AppIcon;
				ASSETCATALOG_COMPILER_GLOBAL_ACCENT_COLOR_NAME = AccentColor;
				CODE_SIGN_STYLE = Automatic;
				CURRENT_PROJECT_VERSION = 1;
				DEVELOPMENT_ASSET_PATHS = "\"swiftui-pro/Preview Content\"";
				DEVELOPMENT_TEAM = 9S26RWPQLA;
				ENABLE_PREVIEWS = YES;
				GENERATE_INFOPLIST_FILE = YES;
				INFOPLIST_KEY_UIApplicationSceneManifest_Generation = YES;
				INFOPLIST_KEY_UIApplicationSupportsIndirectInputEvents = YES;
				INFOPLIST_KEY_UILaunchScreen_Generation = YES;
				INFOPLIST_KEY_UISupportedInterfaceOrientations_iPad = "UIInterfaceOrientationPortrait UIInterfaceOrientationPortraitUpsideDown UIInterfaceOrientationLandscapeLeft UIInterfaceOrientationLandscapeRight";
				INFOPLIST_KEY_UISupportedInterfaceOrientations_iPhone = "UIInterfaceOrientationPortrait UIInterfaceOrientationLandscapeLeft UIInterfaceOrientationLandscapeRight";
				LD_RUNPATH_SEARCH_PATHS = (
					"$(inherited)",
					"@executable_path/Frameworks",
				);
				MARKETING_VERSION = 1.0;
				PRODUCT_BUNDLE_IDENTIFIER = "com.hlw.swiftui-pro";
				PRODUCT_NAME = "$(TARGET_NAME)";
				SWIFT_EMIT_LOC_STRINGS = YES;
				SWIFT_VERSION = 5.0;
				TARGETED_DEVICE_FAMILY = "1,2";
			};
			name = Debug;
		};
		D53D437E2D7086A9007E1739 /* Release */ = {
			isa = XCBuildConfiguration;
			buildSettings = {
				ASSETCATALOG_COMPILER_APPICON_NAME = AppIcon;
				ASSETCATALOG_COMPILER_GLOBAL_ACCENT_COLOR_NAME = AccentColor;
				CODE_SIGN_STYLE = Automatic;
				CURRENT_PROJECT_VERSION = 1;
				DEVELOPMENT_ASSET_PATHS = "\"swiftui-pro/Preview Content\"";
				DEVELOPMENT_TEAM = 9S26RWPQLA;
				ENABLE_PREVIEWS = YES;
				GENERATE_INFOPLIST_FILE = YES;
				INFOPLIST_KEY_UIApplicationSceneManifest_Generation = YES;
				INFOPLIST_KEY_UIApplicationSupportsIndirectInputEvents = YES;
				INFOPLIST_KEY_UILaunchScreen_Generation = YES;
				INFOPLIST_KEY_UISupportedInterfaceOrientations_iPad = "UIInterfaceOrientationPortrait UIInterfaceOrientationPortraitUpsideDown UIInterfaceOrientationLandscapeLeft UIInterfaceOrientationLandscapeRight";
				INFOPLIST_KEY_UISupportedInterfaceOrientations_iPhone = "UIInterfaceOrientationPortrait UIInterfaceOrientationLandscapeLeft UIInterfaceOrientationLandscapeRight";
				LD_RUNPATH_SEARCH_PATHS = (
					"$(inherited)",
					"@executable_path/Frameworks",
				);
				MARKETING_VERSION = 1.0;
				PRODUCT_BUNDLE_IDENTIFIER = "com.hlw.swiftui-pro";
				PRODUCT_NAME = "$(TARGET_NAME)";
				SWIFT_EMIT_LOC_STRINGS = YES;
				SWIFT_VERSION = 5.0;
				TARGETED_DEVICE_FAMILY = "1,2";
			};
			name = Release;
		};
		D53D43802D7086A9007E1739 /* Debug */ = {
			isa = XCBuildConfiguration;
			buildSettings = {
				BUNDLE_LOADER = "$(TEST_HOST)";
				CODE_SIGN_STYLE = Automatic;
				CURRENT_PROJECT_VERSION = 1;
				DEVELOPMENT_TEAM = 9S26RWPQLA;
				GENERATE_INFOPLIST_FILE = YES;
				IPHONEOS_DEPLOYMENT_TARGET = 18.2;
				MARKETING_VERSION = 1.0;
				PRODUCT_BUNDLE_IDENTIFIER = "com.hlw.swiftui-proTests";
				PRODUCT_NAME = "$(TARGET_NAME)";
				SWIFT_EMIT_LOC_STRINGS = NO;
				SWIFT_VERSION = 5.0;
				TARGETED_DEVICE_FAMILY = "1,2";
				TEST_HOST = "$(BUILT_PRODUCTS_DIR)/swiftui-pro.app/$(BUNDLE_EXECUTABLE_FOLDER_PATH)/swiftui-pro";
			};
			name = Debug;
		};
		D53D43812D7086A9007E1739 /* Release */ = {
			isa = XCBuildConfiguration;
			buildSettings = {
				BUNDLE_LOADER = "$(TEST_HOST)";
				CODE_SIGN_STYLE = Automatic;
				CURRENT_PROJECT_VERSION = 1;
				DEVELOPMENT_TEAM = 9S26RWPQLA;
				GENERATE_INFOPLIST_FILE = YES;
				IPHONEOS_DEPLOYMENT_TARGET = 18.2;
				MARKETING_VERSION = 1.0;
				PRODUCT_BUNDLE_IDENTIFIER = "com.hlw.swiftui-proTests";
				PRODUCT_NAME = "$(TARGET_NAME)";
				SWIFT_EMIT_LOC_STRINGS = NO;
				SWIFT_VERSION = 5.0;
				TARGETED_DEVICE_FAMILY = "1,2";
				TEST_HOST = "$(BUILT_PRODUCTS_DIR)/swiftui-pro.app/$(BUNDLE_EXECUTABLE_FOLDER_PATH)/swiftui-pro";
			};
			name = Release;
		};
		D53D43832D7086A9007E1739 /* Debug */ = {
			isa = XCBuildConfiguration;
			buildSettings = {
				CODE_SIGN_STYLE = Automatic;
				CURRENT_PROJECT_VERSION = 1;
				DEVELOPMENT_TEAM = 9S26RWPQLA;
				GENERATE_INFOPLIST_FILE = YES;
				MARKETING_VERSION = 1.0;
				PRODUCT_BUNDLE_IDENTIFIER = "com.hlw.swiftui-proUITests";
				PRODUCT_NAME = "$(TARGET_NAME)";
				SWIFT_EMIT_LOC_STRINGS = NO;
				SWIFT_VERSION = 5.0;
				TARGETED_DEVICE_FAMILY = "1,2";
				TEST_TARGET_NAME = "swiftui-pro";
			};
			name = Debug;
		};
		D53D43842D7086A9007E1739 /* Release */ = {
			isa = XCBuildConfiguration;
			buildSettings = {
				CODE_SIGN_STYLE = Automatic;
				CURRENT_PROJECT_VERSION = 1;
				DEVELOPMENT_TEAM = 9S26RWPQLA;
				GENERATE_INFOPLIST_FILE = YES;
				MARKETING_VERSION = 1.0;
				PRODUCT_BUNDLE_IDENTIFIER = "com.hlw.swiftui-proUITests";
				PRODUCT_NAME = "$(TARGET_NAME)";
				SWIFT_EMIT_LOC_STRINGS = NO;
				SWIFT_VERSION = 5.0;
				TARGETED_DEVICE_FAMILY = "1,2";
				TEST_TARGET_NAME = "swiftui-pro";
			};
			name = Release;
		};
/* End XCBuildConfiguration section */

/* Begin XCConfigurationList section */
		D53D43512D7086A8007E1739 /* Build configuration list for PBXProject "swiftui-pro" */ = {
			isa = XCConfigurationList;
			buildConfigurations = (
				D53D437A2D7086A9007E1739 /* Debug */,
				D53D437B2D7086A9007E1739 /* Release */,
			);
			defaultConfigurationIsVisible = 0;
			defaultConfigurationName = Release;
		};
		D53D437C2D7086A9007E1739 /* Build configuration list for PBXNativeTarget "swiftui-pro" */ = {
			isa = XCConfigurationList;
			buildConfigurations = (
				D53D437D2D7086A9007E1739 /* Debug */,
				D53D437E2D7086A9007E1739 /* Release */,
			);
			defaultConfigurationIsVisible = 0;
			defaultConfigurationName = Release;
		};
		D53D437F2D7086A9007E1739 /* Build configuration list for PBXNativeTarget "swiftui-proTests" */ = {
			isa = XCConfigurationList;
			buildConfigurations = (
				D53D43802D7086A9007E1739 /* Debug */,
				D53D43812D7086A9007E1739 /* Release */,
			);
			defaultConfigurationIsVisible = 0;
			defaultConfigurationName = Release;
		};
		D53D43822D7086A9007E1739 /* Build configuration list for PBXNativeTarget "swiftui-proUITests" */ = {
			isa = XCConfigurationList;
			buildConfigurations = (
				D53D43832D7086A9007E1739 /* Debug */,
				D53D43842D7086A9007E1739 /* Release */,
			);
			defaultConfigurationIsVisible = 0;
			defaultConfigurationName = Release;
		};
/* End XCConfigurationList section */
	};
	rootObject = D53D434E2D7086A8007E1739 /* Project object */;
}
